// !$*UTF8*$!
{
	archiveVersion = 1;
	classes = {
	};
	objectVersion = 56;
	objects = {

/* Begin PBXBuildFile section */
		F127D3E329A8F36A003E6F5A /* TweetListView.swift in Sources */ = {isa = PBXBuildFile; fileRef = F127D3E229A8F36A003E6F5A /* TweetListView.swift */; };
		F127D3E529A8F381003E6F5A /* TweetModel.swift in Sources */ = {isa = PBXBuildFile; fileRef = F127D3E429A8F381003E6F5A /* TweetModel.swift */; };
		F127D3E829A8FF66003E6F5A /* TweetView.swift in Sources */ = {isa = PBXBuildFile; fileRef = F127D3E729A8FF66003E6F5A /* TweetView.swift */; };
		F13079012A016EB400983B81 /* Alamofire in Frameworks */ = {isa = PBXBuildFile; productRef = F13079002A016EB400983B81 /* Alamofire */; };
		F13079092A018A3A00983B81 /* ActivityIndicatorView in Frameworks */ = {isa = PBXBuildFile; productRef = F13079082A018A3A00983B81 /* ActivityIndicatorView */; };
		F15229E929A2461600D5940C /* KingfisherView.swift in Sources */ = {isa = PBXBuildFile; fileRef = F15229E829A2461600D5940C /* KingfisherView.swift */; };
		F15229EC29A246D000D5940C /* Kingfisher in Frameworks */ = {isa = PBXBuildFile; productRef = F15229EB29A246D000D5940C /* Kingfisher */; };
		F1746D22299ED0F10086C749 /* SwiftUITourApp.swift in Sources */ = {isa = PBXBuildFile; fileRef = F1746D21299ED0F10086C749 /* SwiftUITourApp.swift */; };
		F1746D26299ED0F20086C749 /* Assets.xcassets in Resources */ = {isa = PBXBuildFile; fileRef = F1746D25299ED0F20086C749 /* Assets.xcassets */; };
		F1746D2A299ED0F20086C749 /* Preview Assets.xcassets in Resources */ = {isa = PBXBuildFile; fileRef = F1746D29299ED0F20086C749 /* Preview Assets.xcassets */; };
		F1746D35299EDB6C0086C749 /* MyStackView.swift in Sources */ = {isa = PBXBuildFile; fileRef = F1746D34299EDB6C0086C749 /* MyStackView.swift */; };
		F1746D3C299EE2390086C749 /* CustomHeadlineText.swift in Sources */ = {isa = PBXBuildFile; fileRef = F1746D3B299EE2390086C749 /* CustomHeadlineText.swift */; };
		F1746D3F299EE4C10086C749 /* HexadecimalColor.swift in Sources */ = {isa = PBXBuildFile; fileRef = F1746D3E299EE4C10086C749 /* HexadecimalColor.swift */; };
		F1746D42299EFB830086C749 /* IconTextFormField.swift in Sources */ = {isa = PBXBuildFile; fileRef = F1746D41299EFB830086C749 /* IconTextFormField.swift */; };
		F17A3F2429DE38D7008DC32B /* Spacer+Constant.swift in Sources */ = {isa = PBXBuildFile; fileRef = F17A3F2329DE38D7008DC32B /* Spacer+Constant.swift */; };
		F17A3F2629DE396F008DC32B /* EnviromentView.swift in Sources */ = {isa = PBXBuildFile; fileRef = F17A3F2529DE396F008DC32B /* EnviromentView.swift */; };
		F17A3F2829DE3B78008DC32B /* UserViewModel.swift in Sources */ = {isa = PBXBuildFile; fileRef = F17A3F2729DE3B78008DC32B /* UserViewModel.swift */; };
		F17A3F2A29DE3C92008DC32B /* DateControlView.swift in Sources */ = {isa = PBXBuildFile; fileRef = F17A3F2929DE3C92008DC32B /* DateControlView.swift */; };
		F19A49F829A41D7100965597 /* CircleImageView.swift in Sources */ = {isa = PBXBuildFile; fileRef = F19A49F729A41D7100965597 /* CircleImageView.swift */; };
		F19A49FB29A4269100965597 /* ListView.swift in Sources */ = {isa = PBXBuildFile; fileRef = F19A49FA29A4269100965597 /* ListView.swift */; };
		F19A49FE29A4281100965597 /* ProfileItemModel.swift in Sources */ = {isa = PBXBuildFile; fileRef = F19A49FD29A4281100965597 /* ProfileItemModel.swift */; };
		F1AA8F5D29D33252001E612E /* NavigationUserView.swift in Sources */ = {isa = PBXBuildFile; fileRef = F1AA8F5C29D33252001E612E /* NavigationUserView.swift */; };
		F1AA8F5F29D33264001E612E /* NavigationUserModel.swift in Sources */ = {isa = PBXBuildFile; fileRef = F1AA8F5E29D33264001E612E /* NavigationUserModel.swift */; };
		F1AA8F6129D33773001E612E /* UserDetailView.swift in Sources */ = {isa = PBXBuildFile; fileRef = F1AA8F6029D33773001E612E /* UserDetailView.swift */; };
		F1AF7D6E2A01921100FC2524 /* RandomFoxView.swift in Sources */ = {isa = PBXBuildFile; fileRef = F1AF7D6D2A01921100FC2524 /* RandomFoxView.swift */; };
		F1AF7D712A0192C300FC2524 /* FoxModel.swift in Sources */ = {isa = PBXBuildFile; fileRef = F1AF7D702A0192C300FC2524 /* FoxModel.swift */; };
		F1AF7D732A0192EC00FC2524 /* FoxService.swift in Sources */ = {isa = PBXBuildFile; fileRef = F1AF7D722A0192EC00FC2524 /* FoxService.swift */; };
		F1AF7D762A01932500FC2524 /* EndPointEnum.swift in Sources */ = {isa = PBXBuildFile; fileRef = F1AF7D752A01932500FC2524 /* EndPointEnum.swift */; };
		F1AF7D782A01947800FC2524 /* FoxViewModel.swift in Sources */ = {isa = PBXBuildFile; fileRef = F1AF7D772A01947800FC2524 /* FoxViewModel.swift */; };
		F1D0D99A29D4954C00D1CE85 /* TabbarModel.swift in Sources */ = {isa = PBXBuildFile; fileRef = F1D0D99929D4954C00D1CE85 /* TabbarModel.swift */; };
		F1D0D99C29D496E100D1CE85 /* TabbarView.swift in Sources */ = {isa = PBXBuildFile; fileRef = F1D0D99B29D496E100D1CE85 /* TabbarView.swift */; };
/* End PBXBuildFile section */

/* Begin PBXFileReference section */
		F127D3E229A8F36A003E6F5A /* TweetListView.swift */ = {isa = PBXFileReference; lastKnownFileType = sourcecode.swift; path = TweetListView.swift; sourceTree = "<group>"; };
		F127D3E429A8F381003E6F5A /* TweetModel.swift */ = {isa = PBXFileReference; lastKnownFileType = sourcecode.swift; path = TweetModel.swift; sourceTree = "<group>"; };
		F127D3E729A8FF66003E6F5A /* TweetView.swift */ = {isa = PBXFileReference; lastKnownFileType = sourcecode.swift; path = TweetView.swift; sourceTree = "<group>"; };
		F15229E829A2461600D5940C /* KingfisherView.swift */ = {isa = PBXFileReference; lastKnownFileType = sourcecode.swift; path = KingfisherView.swift; sourceTree = "<group>"; };
		F1746D1E299ED0F10086C749 /* SwiftUITour.app */ = {isa = PBXFileReference; explicitFileType = wrapper.application; includeInIndex = 0; path = SwiftUITour.app; sourceTree = BUILT_PRODUCTS_DIR; };
		F1746D21299ED0F10086C749 /* SwiftUITourApp.swift */ = {isa = PBXFileReference; lastKnownFileType = sourcecode.swift; path = SwiftUITourApp.swift; sourceTree = "<group>"; };
		F1746D25299ED0F20086C749 /* Assets.xcassets */ = {isa = PBXFileReference; lastKnownFileType = folder.assetcatalog; path = Assets.xcassets; sourceTree = "<group>"; };
		F1746D27299ED0F20086C749 /* SwiftUITour.entitlements */ = {isa = PBXFileReference; lastKnownFileType = text.plist.entitlements; path = SwiftUITour.entitlements; sourceTree = "<group>"; };
		F1746D29299ED0F20086C749 /* Preview Assets.xcassets */ = {isa = PBXFileReference; lastKnownFileType = folder.assetcatalog; path = "Preview Assets.xcassets"; sourceTree = "<group>"; };
		F1746D34299EDB6C0086C749 /* MyStackView.swift */ = {isa = PBXFileReference; lastKnownFileType = sourcecode.swift; path = MyStackView.swift; sourceTree = "<group>"; };
		F1746D3B299EE2390086C749 /* CustomHeadlineText.swift */ = {isa = PBXFileReference; lastKnownFileType = sourcecode.swift; path = CustomHeadlineText.swift; sourceTree = "<group>"; };
		F1746D3E299EE4C10086C749 /* HexadecimalColor.swift */ = {isa = PBXFileReference; lastKnownFileType = sourcecode.swift; path = HexadecimalColor.swift; sourceTree = "<group>"; };
		F1746D41299EFB830086C749 /* IconTextFormField.swift */ = {isa = PBXFileReference; lastKnownFileType = sourcecode.swift; path = IconTextFormField.swift; sourceTree = "<group>"; };
		F17A3F2329DE38D7008DC32B /* Spacer+Constant.swift */ = {isa = PBXFileReference; lastKnownFileType = sourcecode.swift; path = "Spacer+Constant.swift"; sourceTree = "<group>"; };
		F17A3F2529DE396F008DC32B /* EnviromentView.swift */ = {isa = PBXFileReference; lastKnownFileType = sourcecode.swift; path = EnviromentView.swift; sourceTree = "<group>"; };
		F17A3F2729DE3B78008DC32B /* UserViewModel.swift */ = {isa = PBXFileReference; lastKnownFileType = sourcecode.swift; path = UserViewModel.swift; sourceTree = "<group>"; };
		F17A3F2929DE3C92008DC32B /* DateControlView.swift */ = {isa = PBXFileReference; lastKnownFileType = sourcecode.swift; path = DateControlView.swift; sourceTree = "<group>"; };
		F19A49F729A41D7100965597 /* CircleImageView.swift */ = {isa = PBXFileReference; lastKnownFileType = sourcecode.swift; path = CircleImageView.swift; sourceTree = "<group>"; };
		F19A49FA29A4269100965597 /* ListView.swift */ = {isa = PBXFileReference; lastKnownFileType = sourcecode.swift; path = ListView.swift; sourceTree = "<group>"; };
		F19A49FD29A4281100965597 /* ProfileItemModel.swift */ = {isa = PBXFileReference; lastKnownFileType = sourcecode.swift; path = ProfileItemModel.swift; sourceTree = "<group>"; };
		F1AA8F5C29D33252001E612E /* NavigationUserView.swift */ = {isa = PBXFileReference; lastKnownFileType = sourcecode.swift; path = NavigationUserView.swift; sourceTree = "<group>"; };
		F1AA8F5E29D33264001E612E /* NavigationUserModel.swift */ = {isa = PBXFileReference; lastKnownFileType = sourcecode.swift; path = NavigationUserModel.swift; sourceTree = "<group>"; };
		F1AA8F6029D33773001E612E /* UserDetailView.swift */ = {isa = PBXFileReference; lastKnownFileType = sourcecode.swift; path = UserDetailView.swift; sourceTree = "<group>"; };
		F1AF7D6D2A01921100FC2524 /* RandomFoxView.swift */ = {isa = PBXFileReference; lastKnownFileType = sourcecode.swift; path = RandomFoxView.swift; sourceTree = "<group>"; };
		F1AF7D702A0192C300FC2524 /* FoxModel.swift */ = {isa = PBXFileReference; lastKnownFileType = sourcecode.swift; path = FoxModel.swift; sourceTree = "<group>"; };
		F1AF7D722A0192EC00FC2524 /* FoxService.swift */ = {isa = PBXFileReference; lastKnownFileType = sourcecode.swift; path = FoxService.swift; sourceTree = "<group>"; };
		F1AF7D752A01932500FC2524 /* EndPointEnum.swift */ = {isa = PBXFileReference; lastKnownFileType = sourcecode.swift; path = EndPointEnum.swift; sourceTree = "<group>"; };
		F1AF7D772A01947800FC2524 /* FoxViewModel.swift */ = {isa = PBXFileReference; lastKnownFileType = sourcecode.swift; path = FoxViewModel.swift; sourceTree = "<group>"; };
		F1D0D99929D4954C00D1CE85 /* TabbarModel.swift */ = {isa = PBXFileReference; lastKnownFileType = sourcecode.swift; path = TabbarModel.swift; sourceTree = "<group>"; };
		F1D0D99B29D496E100D1CE85 /* TabbarView.swift */ = {isa = PBXFileReference; lastKnownFileType = sourcecode.swift; path = TabbarView.swift; sourceTree = "<group>"; };
/* End PBXFileReference section */

/* Begin PBXFrameworksBuildPhase section */
		F1746D1B299ED0F10086C749 /* Frameworks */ = {
			isa = PBXFrameworksBuildPhase;
			buildActionMask = 2147483647;
			files = (
				F15229EC29A246D000D5940C /* Kingfisher in Frameworks */,
				F13079092A018A3A00983B81 /* ActivityIndicatorView in Frameworks */,
				F13079012A016EB400983B81 /* Alamofire in Frameworks */,
			);
			runOnlyForDeploymentPostprocessing = 0;
		};
/* End PBXFrameworksBuildPhase section */

/* Begin PBXGroup section */
		F10EBA0A2A0190C400647C17 /* Service */ = {
			isa = PBXGroup;
			children = (
				F1AF7D722A0192EC00FC2524 /* FoxService.swift */,
			);
			path = Service;
			sourceTree = "<group>";
		};
		F127D3E029A8F33B003E6F5A /* Views */ = {
			isa = PBXGroup;
			children = (
				F19A49FA29A4269100965597 /* ListView.swift */,
				F127D3E229A8F36A003E6F5A /* TweetListView.swift */,
			);
			path = Views;
			sourceTree = "<group>";
		};
		F127D3E129A8F341003E6F5A /* Components */ = {
			isa = PBXGroup;
			children = (
				F127D3E729A8FF66003E6F5A /* TweetView.swift */,
			);
			path = Components;
			sourceTree = "<group>";
		};
		F130790A2A01904800983B81 /* ApiConnectionWithAlamofire */ = {
			isa = PBXGroup;
			children = (
				F1AF7D742A01931800FC2524 /* Enums */,
				F10EBA0A2A0190C400647C17 /* Service */,
				F130790D2A01908700983B81 /* Views */,
				F130790C2A01908300983B81 /* Model */,
				F130790B2A01907000983B81 /* ViewModel */,
			);
			path = ApiConnectionWithAlamofire;
			sourceTree = "<group>";
		};
		F130790B2A01907000983B81 /* ViewModel */ = {
			isa = PBXGroup;
			children = (
				F1AF7D772A01947800FC2524 /* FoxViewModel.swift */,
			);
			path = ViewModel;
			sourceTree = "<group>";
		};
		F130790C2A01908300983B81 /* Model */ = {
			isa = PBXGroup;
			children = (
				F1AF7D702A0192C300FC2524 /* FoxModel.swift */,
			);
			path = Model;
			sourceTree = "<group>";
		};
		F130790D2A01908700983B81 /* Views */ = {
			isa = PBXGroup;
			children = (
				F1AF7D6D2A01921100FC2524 /* RandomFoxView.swift */,
			);
			path = Views;
			sourceTree = "<group>";
		};
		F15229E229A2459600D5940C /* Kingfisher */ = {
			isa = PBXGroup;
			children = (
				F15229E629A245D400D5940C /* Views */,
				F15229E329A245AF00D5940C /* Components */,
			);
			path = Kingfisher;
			sourceTree = "<group>";
		};
		F15229E329A245AF00D5940C /* Components */ = {
			isa = PBXGroup;
			children = (
			);
			path = Components;
			sourceTree = "<group>";
		};
		F15229E629A245D400D5940C /* Views */ = {
			isa = PBXGroup;
			children = (
				F19A49F629A41D6200965597 /* CircleImage */,
				F15229E829A2461600D5940C /* KingfisherView.swift */,
			);
			path = Views;
			sourceTree = "<group>";
		};
		F1746D15299ED0F10086C749 = {
			isa = PBXGroup;
			children = (
				F1746D20299ED0F10086C749 /* SwiftUITour */,
				F1746D1F299ED0F10086C749 /* Products */,
			);
			sourceTree = "<group>";
		};
		F1746D1F299ED0F10086C749 /* Products */ = {
			isa = PBXGroup;
			children = (
				F1746D1E299ED0F10086C749 /* SwiftUITour.app */,
			);
			name = Products;
			sourceTree = "<group>";
		};
		F1746D20299ED0F10086C749 /* SwiftUITour */ = {
			isa = PBXGroup;
			children = (
				F130790A2A01904800983B81 /* ApiConnectionWithAlamofire */,
				F17A3F1D29DE36A2008DC32B /* Environment */,
				F1D0D99529D4952000D1CE85 /* Tabbar */,
				F1AA8F5929D331FE001E612E /* Navigation */,
				F19A49F929A4266000965597 /* List */,
				F15229E229A2459600D5940C /* Kingfisher */,
				F1746D40299EFB570086C749 /* State Management */,
				F1746D30299EDB290086C749 /* Stacks */,
				F1746D21299ED0F10086C749 /* SwiftUITourApp.swift */,
				F1746D25299ED0F20086C749 /* Assets.xcassets */,
				F1746D27299ED0F20086C749 /* SwiftUITour.entitlements */,
				F1746D28299ED0F20086C749 /* Preview Content */,
			);
			path = SwiftUITour;
			sourceTree = "<group>";
		};
		F1746D28299ED0F20086C749 /* Preview Content */ = {
			isa = PBXGroup;
			children = (
				F1746D29299ED0F20086C749 /* Preview Assets.xcassets */,
			);
			path = "Preview Content";
			sourceTree = "<group>";
		};
		F1746D30299EDB290086C749 /* Stacks */ = {
			isa = PBXGroup;
			children = (
				F1746D3D299EE4AD0086C749 /* Extensions */,
				F1746D3A299EE2230086C749 /* Components */,
				F1746D33299EDB570086C749 /* Views */,
			);
			path = Stacks;
			sourceTree = "<group>";
		};
		F1746D33299EDB570086C749 /* Views */ = {
			isa = PBXGroup;
			children = (
				F1746D34299EDB6C0086C749 /* MyStackView.swift */,
			);
			path = Views;
			sourceTree = "<group>";
		};
		F1746D3A299EE2230086C749 /* Components */ = {
			isa = PBXGroup;
			children = (
				F1746D3B299EE2390086C749 /* CustomHeadlineText.swift */,
			);
			path = Components;
			sourceTree = "<group>";
		};
		F1746D3D299EE4AD0086C749 /* Extensions */ = {
			isa = PBXGroup;
			children = (
				F1746D3E299EE4C10086C749 /* HexadecimalColor.swift */,
			);
			path = Extensions;
			sourceTree = "<group>";
		};
		F1746D40299EFB570086C749 /* State Management */ = {
			isa = PBXGroup;
			children = (
				F1746D41299EFB830086C749 /* IconTextFormField.swift */,
			);
			path = "State Management";
			sourceTree = "<group>";
		};
		F17A3F1D29DE36A2008DC32B /* Environment */ = {
			isa = PBXGroup;
			children = (
				F17A3F2229DE38C5008DC32B /* ViewModels */,
				F17A3F2129DE38BF008DC32B /* Views */,
				F17A3F1F29DE38A3008DC32B /* Extensions */,
			);
			path = Environment;
			sourceTree = "<group>";
		};
		F17A3F1F29DE38A3008DC32B /* Extensions */ = {
			isa = PBXGroup;
			children = (
				F17A3F2329DE38D7008DC32B /* Spacer+Constant.swift */,
			);
			path = Extensions;
			sourceTree = "<group>";
		};
		F17A3F2129DE38BF008DC32B /* Views */ = {
			isa = PBXGroup;
			children = (
				F17A3F2529DE396F008DC32B /* EnviromentView.swift */,
				F17A3F2929DE3C92008DC32B /* DateControlView.swift */,
			);
			path = Views;
			sourceTree = "<group>";
		};
		F17A3F2229DE38C5008DC32B /* ViewModels */ = {
			isa = PBXGroup;
			children = (
				F17A3F2729DE3B78008DC32B /* UserViewModel.swift */,
			);
			path = ViewModels;
			sourceTree = "<group>";
		};
		F19A49F629A41D6200965597 /* CircleImage */ = {
			isa = PBXGroup;
			children = (
				F19A49F729A41D7100965597 /* CircleImageView.swift */,
			);
			path = CircleImage;
			sourceTree = "<group>";
		};
		F19A49F929A4266000965597 /* List */ = {
			isa = PBXGroup;
			children = (
				F127D3E129A8F341003E6F5A /* Components */,
				F127D3E029A8F33B003E6F5A /* Views */,
				F19A49FC29A4280400965597 /* Models */,
			);
			path = List;
			sourceTree = "<group>";
		};
		F19A49FC29A4280400965597 /* Models */ = {
			isa = PBXGroup;
			children = (
				F19A49FD29A4281100965597 /* ProfileItemModel.swift */,
				F127D3E429A8F381003E6F5A /* TweetModel.swift */,
			);
			path = Models;
			sourceTree = "<group>";
		};
		F1AA8F5929D331FE001E612E /* Navigation */ = {
			isa = PBXGroup;
			children = (
				F1AA8F5B29D33225001E612E /* View */,
				F1AA8F5A29D3321E001E612E /* Model */,
			);
			path = Navigation;
			sourceTree = "<group>";
		};
		F1AA8F5A29D3321E001E612E /* Model */ = {
			isa = PBXGroup;
			children = (
				F1AA8F5E29D33264001E612E /* NavigationUserModel.swift */,
			);
			path = Model;
			sourceTree = "<group>";
		};
		F1AA8F5B29D33225001E612E /* View */ = {
			isa = PBXGroup;
			children = (
				F1AA8F5C29D33252001E612E /* NavigationUserView.swift */,
				F1AA8F6029D33773001E612E /* UserDetailView.swift */,
			);
			path = View;
			sourceTree = "<group>";
		};
		F1AF7D742A01931800FC2524 /* Enums */ = {
			isa = PBXGroup;
			children = (
				F1AF7D752A01932500FC2524 /* EndPointEnum.swift */,
			);
			path = Enums;
			sourceTree = "<group>";
		};
		F1D0D99529D4952000D1CE85 /* Tabbar */ = {
			isa = PBXGroup;
			children = (
				F1D0D99729D4953500D1CE85 /* Model */,
				F1D0D99629D4952F00D1CE85 /* View */,
			);
			path = Tabbar;
			sourceTree = "<group>";
		};
		F1D0D99629D4952F00D1CE85 /* View */ = {
			isa = PBXGroup;
			children = (
				F1D0D99B29D496E100D1CE85 /* TabbarView.swift */,
			);
			path = View;
			sourceTree = "<group>";
		};
		F1D0D99729D4953500D1CE85 /* Model */ = {
			isa = PBXGroup;
			children = (
				F1D0D99929D4954C00D1CE85 /* TabbarModel.swift */,
			);
			path = Model;
			sourceTree = "<group>";
		};
/* End PBXGroup section */

/* Begin PBXNativeTarget section */
		F1746D1D299ED0F10086C749 /* SwiftUITour */ = {
			isa = PBXNativeTarget;
			buildConfigurationList = F1746D2D299ED0F20086C749 /* Build configuration list for PBXNativeTarget "SwiftUITour" */;
			buildPhases = (
				F1746D1A299ED0F10086C749 /* Sources */,
				F1746D1B299ED0F10086C749 /* Frameworks */,
				F1746D1C299ED0F10086C749 /* Resources */,
			);
			buildRules = (
			);
			dependencies = (
			);
			name = SwiftUITour;
			packageProductDependencies = (
				F15229EB29A246D000D5940C /* Kingfisher */,
				F13079002A016EB400983B81 /* Alamofire */,
				F13079082A018A3A00983B81 /* ActivityIndicatorView */,
			);
			productName = SwiftUITour;
			productReference = F1746D1E299ED0F10086C749 /* SwiftUITour.app */;
			productType = "com.apple.product-type.application";
		};
/* End PBXNativeTarget section */

/* Begin PBXProject section */
		F1746D16299ED0F10086C749 /* Project object */ = {
			isa = PBXProject;
			attributes = {
				BuildIndependentTargetsInParallel = 1;
				LastSwiftUpdateCheck = 1420;
				LastUpgradeCheck = 1420;
				TargetAttributes = {
					F1746D1D299ED0F10086C749 = {
						CreatedOnToolsVersion = 14.2;
					};
				};
			};
			buildConfigurationList = F1746D19299ED0F10086C749 /* Build configuration list for PBXProject "SwiftUITour" */;
			compatibilityVersion = "Xcode 14.0";
			developmentRegion = en;
			hasScannedForEncodings = 0;
			knownRegions = (
				en,
				Base,
			);
			mainGroup = F1746D15299ED0F10086C749;
			packageReferences = (
				F15229EA29A246D000D5940C /* XCRemoteSwiftPackageReference "Kingfisher" */,
				F13078FF2A016EB400983B81 /* XCRemoteSwiftPackageReference "Alamofire" */,
				F13079072A018A3A00983B81 /* XCRemoteSwiftPackageReference "ActivityIndicatorView" */,
			);
			productRefGroup = F1746D1F299ED0F10086C749 /* Products */;
			projectDirPath = "";
			projectRoot = "";
			targets = (
				F1746D1D299ED0F10086C749 /* SwiftUITour */,
			);
		};
/* End PBXProject section */

/* Begin PBXResourcesBuildPhase section */
		F1746D1C299ED0F10086C749 /* Resources */ = {
			isa = PBXResourcesBuildPhase;
			buildActionMask = 2147483647;
			files = (
				F1746D2A299ED0F20086C749 /* Preview Assets.xcassets in Resources */,
				F1746D26299ED0F20086C749 /* Assets.xcassets in Resources */,
			);
			runOnlyForDeploymentPostprocessing = 0;
		};
/* End PBXResourcesBuildPhase section */

/* Begin PBXSourcesBuildPhase section */
		F1746D1A299ED0F10086C749 /* Sources */ = {
			isa = PBXSourcesBuildPhase;
			buildActionMask = 2147483647;
			files = (
				F19A49FB29A4269100965597 /* ListView.swift in Sources */,
				F127D3E529A8F381003E6F5A /* TweetModel.swift in Sources */,
				F15229E929A2461600D5940C /* KingfisherView.swift in Sources */,
				F1AF7D6E2A01921100FC2524 /* RandomFoxView.swift in Sources */,
				F1AA8F5D29D33252001E612E /* NavigationUserView.swift in Sources */,
				F1746D42299EFB830086C749 /* IconTextFormField.swift in Sources */,
				F19A49FE29A4281100965597 /* ProfileItemModel.swift in Sources */,
				F1AA8F5F29D33264001E612E /* NavigationUserModel.swift in Sources */,
				F17A3F2429DE38D7008DC32B /* Spacer+Constant.swift in Sources */,
				F1AF7D732A0192EC00FC2524 /* FoxService.swift in Sources */,
				F19A49F829A41D7100965597 /* CircleImageView.swift in Sources */,
				F1746D3C299EE2390086C749 /* CustomHeadlineText.swift in Sources */,
				F1AF7D782A01947800FC2524 /* FoxViewModel.swift in Sources */,
				F1D0D99A29D4954C00D1CE85 /* TabbarModel.swift in Sources */,
				F17A3F2A29DE3C92008DC32B /* DateControlView.swift in Sources */,
				F17A3F2629DE396F008DC32B /* EnviromentView.swift in Sources */,
				F1746D3F299EE4C10086C749 /* HexadecimalColor.swift in Sources */,
				F17A3F2829DE3B78008DC32B /* UserViewModel.swift in Sources */,
				F1746D22299ED0F10086C749 /* SwiftUITourApp.swift in Sources */,
				F1D0D99C29D496E100D1CE85 /* TabbarView.swift in Sources */,
				F127D3E329A8F36A003E6F5A /* TweetListView.swift in Sources */,
				F1AF7D762A01932500FC2524 /* EndPointEnum.swift in Sources */,
				F127D3E829A8FF66003E6F5A /* TweetView.swift in Sources */,
				F1AF7D712A0192C300FC2524 /* FoxModel.swift in Sources */,
				F1AA8F6129D33773001E612E /* UserDetailView.swift in Sources */,
				F1746D35299EDB6C0086C749 /* MyStackView.swift in Sources */,
			);
			runOnlyForDeploymentPostprocessing = 0;
		};
/* End PBXSourcesBuildPhase section */

/* Begin XCBuildConfiguration section */
		F1746D2B299ED0F20086C749 /* Debug */ = {
			isa = XCBuildConfiguration;
			buildSettings = {
				ALWAYS_SEARCH_USER_PATHS = NO;
				CLANG_ANALYZER_NONNULL = YES;
				CLANG_ANALYZER_NUMBER_OBJECT_CONVERSION = YES_AGGRESSIVE;
				CLANG_CXX_LANGUAGE_STANDARD = "gnu++20";
				CLANG_ENABLE_MODULES = YES;
				CLANG_ENABLE_OBJC_ARC = YES;
				CLANG_ENABLE_OBJC_WEAK = YES;
				CLANG_WARN_BLOCK_CAPTURE_AUTORELEASING = YES;
				CLANG_WARN_BOOL_CONVERSION = YES;
				CLANG_WARN_COMMA = YES;
				CLANG_WARN_CONSTANT_CONVERSION = YES;
				CLANG_WARN_DEPRECATED_OBJC_IMPLEMENTATIONS = YES;
				CLANG_WARN_DIRECT_OBJC_ISA_USAGE = YES_ERROR;
				CLANG_WARN_DOCUMENTATION_COMMENTS = YES;
				CLANG_WARN_EMPTY_BODY = YES;
				CLANG_WARN_ENUM_CONVERSION = YES;
				CLANG_WARN_INFINITE_RECURSION = YES;
				CLANG_WARN_INT_CONVERSION = YES;
				CLANG_WARN_NON_LITERAL_NULL_CONVERSION = YES;
				CLANG_WARN_OBJC_IMPLICIT_RETAIN_SELF = YES;
				CLANG_WARN_OBJC_LITERAL_CONVERSION = YES;
				CLANG_WARN_OBJC_ROOT_CLASS = YES_ERROR;
				CLANG_WARN_QUOTED_INCLUDE_IN_FRAMEWORK_HEADER = YES;
				CLANG_WARN_RANGE_LOOP_ANALYSIS = YES;
				CLANG_WARN_STRICT_PROTOTYPES = YES;
				CLANG_WARN_SUSPICIOUS_MOVE = YES;
				CLANG_WARN_UNGUARDED_AVAILABILITY = YES_AGGRESSIVE;
				CLANG_WARN_UNREACHABLE_CODE = YES;
				CLANG_WARN__DUPLICATE_METHOD_MATCH = YES;
				COPY_PHASE_STRIP = NO;
				DEBUG_INFORMATION_FORMAT = dwarf;
				ENABLE_STRICT_OBJC_MSGSEND = YES;
				ENABLE_TESTABILITY = YES;
				GCC_C_LANGUAGE_STANDARD = gnu11;
				GCC_DYNAMIC_NO_PIC = NO;
				GCC_NO_COMMON_BLOCKS = YES;
				GCC_OPTIMIZATION_LEVEL = 0;
				GCC_PREPROCESSOR_DEFINITIONS = (
					"DEBUG=1",
					"$(inherited)",
				);
				GCC_WARN_64_TO_32_BIT_CONVERSION = YES;
				GCC_WARN_ABOUT_RETURN_TYPE = YES_ERROR;
				GCC_WARN_UNDECLARED_SELECTOR = YES;
				GCC_WARN_UNINITIALIZED_AUTOS = YES_AGGRESSIVE;
				GCC_WARN_UNUSED_FUNCTION = YES;
				GCC_WARN_UNUSED_VARIABLE = YES;
				MTL_ENABLE_DEBUG_INFO = INCLUDE_SOURCE;
				MTL_FAST_MATH = YES;
				ONLY_ACTIVE_ARCH = YES;
				SWIFT_ACTIVE_COMPILATION_CONDITIONS = DEBUG;
				SWIFT_OPTIMIZATION_LEVEL = "-Onone";
			};
			name = Debug;
		};
		F1746D2C299ED0F20086C749 /* Release */ = {
			isa = XCBuildConfiguration;
			buildSettings = {
				ALWAYS_SEARCH_USER_PATHS = NO;
				CLANG_ANALYZER_NONNULL = YES;
				CLANG_ANALYZER_NUMBER_OBJECT_CONVERSION = YES_AGGRESSIVE;
				CLANG_CXX_LANGUAGE_STANDARD = "gnu++20";
				CLANG_ENABLE_MODULES = YES;
				CLANG_ENABLE_OBJC_ARC = YES;
				CLANG_ENABLE_OBJC_WEAK = YES;
				CLANG_WARN_BLOCK_CAPTURE_AUTORELEASING = YES;
				CLANG_WARN_BOOL_CONVERSION = YES;
				CLANG_WARN_COMMA = YES;
				CLANG_WARN_CONSTANT_CONVERSION = YES;
				CLANG_WARN_DEPRECATED_OBJC_IMPLEMENTATIONS = YES;
				CLANG_WARN_DIRECT_OBJC_ISA_USAGE = YES_ERROR;
				CLANG_WARN_DOCUMENTATION_COMMENTS = YES;
				CLANG_WARN_EMPTY_BODY = YES;
				CLANG_WARN_ENUM_CONVERSION = YES;
				CLANG_WARN_INFINITE_RECURSION = YES;
				CLANG_WARN_INT_CONVERSION = YES;
				CLANG_WARN_NON_LITERAL_NULL_CONVERSION = YES;
				CLANG_WARN_OBJC_IMPLICIT_RETAIN_SELF = YES;
				CLANG_WARN_OBJC_LITERAL_CONVERSION = YES;
				CLANG_WARN_OBJC_ROOT_CLASS = YES_ERROR;
				CLANG_WARN_QUOTED_INCLUDE_IN_FRAMEWORK_HEADER = YES;
				CLANG_WARN_RANGE_LOOP_ANALYSIS = YES;
				CLANG_WARN_STRICT_PROTOTYPES = YES;
				CLANG_WARN_SUSPICIOUS_MOVE = YES;
				CLANG_WARN_UNGUARDED_AVAILABILITY = YES_AGGRESSIVE;
				CLANG_WARN_UNREACHABLE_CODE = YES;
				CLANG_WARN__DUPLICATE_METHOD_MATCH = YES;
				COPY_PHASE_STRIP = NO;
				DEBUG_INFORMATION_FORMAT = "dwarf-with-dsym";
				ENABLE_NS_ASSERTIONS = NO;
				ENABLE_STRICT_OBJC_MSGSEND = YES;
				GCC_C_LANGUAGE_STANDARD = gnu11;
				GCC_NO_COMMON_BLOCKS = YES;
				GCC_WARN_64_TO_32_BIT_CONVERSION = YES;
				GCC_WARN_ABOUT_RETURN_TYPE = YES_ERROR;
				GCC_WARN_UNDECLARED_SELECTOR = YES;
				GCC_WARN_UNINITIALIZED_AUTOS = YES_AGGRESSIVE;
				GCC_WARN_UNUSED_FUNCTION = YES;
				GCC_WARN_UNUSED_VARIABLE = YES;
				MTL_ENABLE_DEBUG_INFO = NO;
				MTL_FAST_MATH = YES;
				SWIFT_COMPILATION_MODE = wholemodule;
				SWIFT_OPTIMIZATION_LEVEL = "-O";
			};
			name = Release;
		};
		F1746D2E299ED0F20086C749 /* Debug */ = {
			isa = XCBuildConfiguration;
			buildSettings = {
				ASSETCATALOG_COMPILER_APPICON_NAME = AppIcon;
				ASSETCATALOG_COMPILER_GLOBAL_ACCENT_COLOR_NAME = AccentColor;
				CODE_SIGN_ENTITLEMENTS = SwiftUITour/SwiftUITour.entitlements;
				CODE_SIGN_STYLE = Automatic;
				CURRENT_PROJECT_VERSION = 1;
				DEVELOPMENT_ASSET_PATHS = "\"SwiftUITour/Preview Content\"";
				ENABLE_PREVIEWS = YES;
				GENERATE_INFOPLIST_FILE = YES;
				"INFOPLIST_KEY_UIApplicationSceneManifest_Generation[sdk=iphoneos*]" = YES;
				"INFOPLIST_KEY_UIApplicationSceneManifest_Generation[sdk=iphonesimulator*]" = YES;
				"INFOPLIST_KEY_UIApplicationSupportsIndirectInputEvents[sdk=iphoneos*]" = YES;
				"INFOPLIST_KEY_UIApplicationSupportsIndirectInputEvents[sdk=iphonesimulator*]" = YES;
				"INFOPLIST_KEY_UILaunchScreen_Generation[sdk=iphoneos*]" = YES;
				"INFOPLIST_KEY_UILaunchScreen_Generation[sdk=iphonesimulator*]" = YES;
				"INFOPLIST_KEY_UIStatusBarStyle[sdk=iphoneos*]" = UIStatusBarStyleDefault;
				"INFOPLIST_KEY_UIStatusBarStyle[sdk=iphonesimulator*]" = UIStatusBarStyleDefault;
				INFOPLIST_KEY_UISupportedInterfaceOrientations_iPad = "UIInterfaceOrientationPortrait UIInterfaceOrientationPortraitUpsideDown UIInterfaceOrientationLandscapeLeft UIInterfaceOrientationLandscapeRight";
				INFOPLIST_KEY_UISupportedInterfaceOrientations_iPhone = "UIInterfaceOrientationPortrait UIInterfaceOrientationLandscapeLeft UIInterfaceOrientationLandscapeRight";
				IPHONEOS_DEPLOYMENT_TARGET = 16.2;
				LD_RUNPATH_SEARCH_PATHS = "@executable_path/Frameworks";
				"LD_RUNPATH_SEARCH_PATHS[sdk=macosx*]" = "@executable_path/../Frameworks";
				MACOSX_DEPLOYMENT_TARGET = 13.0;
				MARKETING_VERSION = 1.0;
				PRODUCT_BUNDLE_IDENTIFIER = com.archeva.SwiftUITour;
				PRODUCT_NAME = "$(TARGET_NAME)";
				SDKROOT = auto;
				SUPPORTED_PLATFORMS = "iphoneos iphonesimulator macosx";
				SWIFT_EMIT_LOC_STRINGS = YES;
				SWIFT_VERSION = 5.0;
				TARGETED_DEVICE_FAMILY = "1,2";
			};
			name = Debug;
		};
		F1746D2F299ED0F20086C749 /* Release */ = {
			isa = XCBuildConfiguration;
			buildSettings = {
				ASSETCATALOG_COMPILER_APPICON_NAME = AppIcon;
				ASSETCATALOG_COMPILER_GLOBAL_ACCENT_COLOR_NAME = AccentColor;
				CODE_SIGN_ENTITLEMENTS = SwiftUITour/SwiftUITour.entitlements;
				CODE_SIGN_STYLE = Automatic;
				CURRENT_PROJECT_VERSION = 1;
				DEVELOPMENT_ASSET_PATHS = "\"SwiftUITour/Preview Content\"";
				ENABLE_PREVIEWS = YES;
				GENERATE_INFOPLIST_FILE = YES;
				"INFOPLIST_KEY_UIApplicationSceneManifest_Generation[sdk=iphoneos*]" = YES;
				"INFOPLIST_KEY_UIApplicationSceneManifest_Generation[sdk=iphonesimulator*]" = YES;
				"INFOPLIST_KEY_UIApplicationSupportsIndirectInputEvents[sdk=iphoneos*]" = YES;
				"INFOPLIST_KEY_UIApplicationSupportsIndirectInputEvents[sdk=iphonesimulator*]" = YES;
				"INFOPLIST_KEY_UILaunchScreen_Generation[sdk=iphoneos*]" = YES;
				"INFOPLIST_KEY_UILaunchScreen_Generation[sdk=iphonesimulator*]" = YES;
				"INFOPLIST_KEY_UIStatusBarStyle[sdk=iphoneos*]" = UIStatusBarStyleDefault;
				"INFOPLIST_KEY_UIStatusBarStyle[sdk=iphonesimulator*]" = UIStatusBarStyleDefault;
				INFOPLIST_KEY_UISupportedInterfaceOrientations_iPad = "UIInterfaceOrientationPortrait UIInterfaceOrientationPortraitUpsideDown UIInterfaceOrientationLandscapeLeft UIInterfaceOrientationLandscapeRight";
				INFOPLIST_KEY_UISupportedInterfaceOrientations_iPhone = "UIInterfaceOrientationPortrait UIInterfaceOrientationLandscapeLeft UIInterfaceOrientationLandscapeRight";
				IPHONEOS_DEPLOYMENT_TARGET = 16.2;
				LD_RUNPATH_SEARCH_PATHS = "@executable_path/Frameworks";
				"LD_RUNPATH_SEARCH_PATHS[sdk=macosx*]" = "@executable_path/../Frameworks";
				MACOSX_DEPLOYMENT_TARGET = 13.0;
				MARKETING_VERSION = 1.0;
				PRODUCT_BUNDLE_IDENTIFIER = com.archeva.SwiftUITour;
				PRODUCT_NAME = "$(TARGET_NAME)";
				SDKROOT = auto;
				SUPPORTED_PLATFORMS = "iphoneos iphonesimulator macosx";
				SWIFT_EMIT_LOC_STRINGS = YES;
				SWIFT_VERSION = 5.0;
				TARGETED_DEVICE_FAMILY = "1,2";
			};
			name = Release;
		};
/* End XCBuildConfiguration section */

/* Begin XCConfigurationList section */
		F1746D19299ED0F10086C749 /* Build configuration list for PBXProject "SwiftUITour" */ = {
			isa = XCConfigurationList;
			buildConfigurations = (
				F1746D2B299ED0F20086C749 /* Debug */,
				F1746D2C299ED0F20086C749 /* Release */,
			);
			defaultConfigurationIsVisible = 0;
			defaultConfigurationName = Release;
		};
		F1746D2D299ED0F20086C749 /* Build configuration list for PBXNativeTarget "SwiftUITour" */ = {
			isa = XCConfigurationList;
			buildConfigurations = (
				F1746D2E299ED0F20086C749 /* Debug */,
				F1746D2F299ED0F20086C749 /* Release */,
			);
			defaultConfigurationIsVisible = 0;
			defaultConfigurationName = Release;
		};
/* End XCConfigurationList section */

/* Begin XCRemoteSwiftPackageReference section */
		F13078FF2A016EB400983B81 /* XCRemoteSwiftPackageReference "Alamofire" */ = {
			isa = XCRemoteSwiftPackageReference;
			repositoryURL = "https://github.com/Alamofire/Alamofire";
			requirement = {
				kind = upToNextMajorVersion;
				minimumVersion = 5.0.0;
			};
		};
		F13079072A018A3A00983B81 /* XCRemoteSwiftPackageReference "ActivityIndicatorView" */ = {
			isa = XCRemoteSwiftPackageReference;
			repositoryURL = "https://github.com/exyte/ActivityIndicatorView";
			requirement = {
				kind = upToNextMajorVersion;
				minimumVersion = 1.0.0;
			};
		};
		F15229EA29A246D000D5940C /* XCRemoteSwiftPackageReference "Kingfisher" */ = {
			isa = XCRemoteSwiftPackageReference;
			repositoryURL = "https://github.com/onevcat/Kingfisher.git";
			requirement = {
				kind = upToNextMajorVersion;
				minimumVersion = 7.0.0;
			};
		};
/* End XCRemoteSwiftPackageReference section */

/* Begin XCSwiftPackageProductDependency section */
		F13079002A016EB400983B81 /* Alamofire */ = {
			isa = XCSwiftPackageProductDependency;
			package = F13078FF2A016EB400983B81 /* XCRemoteSwiftPackageReference "Alamofire" */;
			productName = Alamofire;
		};
		F13079082A018A3A00983B81 /* ActivityIndicatorView */ = {
			isa = XCSwiftPackageProductDependency;
			package = F13079072A018A3A00983B81 /* XCRemoteSwiftPackageReference "ActivityIndicatorView" */;
			productName = ActivityIndicatorView;
		};
		F15229EB29A246D000D5940C /* Kingfisher */ = {
			isa = XCSwiftPackageProductDependency;
			package = F15229EA29A246D000D5940C /* XCRemoteSwiftPackageReference "Kingfisher" */;
			productName = Kingfisher;
		};
/* End XCSwiftPackageProductDependency section */
	};
	rootObject = F1746D16299ED0F10086C749 /* Project object */;
}
